
Microsoft Visual Studio Solution File, Format Version 12.00
# Visual Studio Version 17
VisualStudioVersion = 17.3.32825.248
MinimumVisualStudioVersion = 10.0.40219.1
Project("{9A19103F-16F7-4668-BE54-9A1E7A4F7556}") = "Project0905-1", "Project0905-1\Project0905-1.csproj", "{EF99FCCC-988A-48E8-8EEA-086A5CFE464C}"
EndProject
Project("{9A19103F-16F7-4668-BE54-9A1E7A4F7556}") = "Project0905-2", "Project0905-2\Project0905-2.csproj", "{885DB1D4-9ADB-48E3-8011-BB3AD8718C61}"
EndProject
Project("{9A19103F-16F7-4668-BE54-9A1E7A4F7556}") = "Project0919", "Project0919\Project0919.csproj", "{B5DC3F51-54DB-4F2B-A18E-C7C7E601296B}"
EndProject
Project("{9A19103F-16F7-4668-BE54-9A1E7A4F7556}") = "Project0912", "Project0912\Project0912.csproj", "{907F5589-8210-48C2-A50B-11C98A8BE126}"
EndProject
Project("{FAE04EC0-301F-11D3-BF4B-00C04F79EFBC}") = "Project0926", "Project0926\Project0926.csproj", "{5616F46F-6F32-43C2-8E31-6F4304890E75}"
EndProject
Global
	GlobalSection(SolutionConfigurationPlatforms) = preSolution
		Debug|Any CPU = Debug|Any CPU
		Release|Any CPU = Release|Any CPU
	EndGlobalSection
	GlobalSection(ProjectConfigurationPlatforms) = postSolution
		{EF99FCCC-988A-48E8-8EEA-086A5CFE464C}.Debug|Any CPU.ActiveCfg = Debug|Any CPU
		{EF99FCCC-988A-48E8-8EEA-086A5CFE464C}.Debug|Any CPU.Build.0 = Debug|Any CPU
		{EF99FCCC-988A-48E8-8EEA-086A5CFE464C}.Release|Any CPU.ActiveCfg = Release|Any CPU
		{EF99FCCC-988A-48E8-8EEA-086A5CFE464C}.Release|Any CPU.Build.0 = Release|Any CPU
		{885DB1D4-9ADB-48E3-8011-BB3AD8718C61}.Debug|Any CPU.ActiveCfg = Debug|Any CPU
		{885DB1D4-9ADB-48E3-8011-BB3AD8718C61}.Debug|Any CPU.Build.0 = Debug|Any CPU
		{885DB1D4-9ADB-48E3-8011-BB3AD8718C61}.Release|Any CPU.ActiveCfg = Release|Any CPU
		{885DB1D4-9ADB-48E3-8011-BB3AD8718C61}.Release|Any CPU.Build.0 = Release|Any CPU
		{B5DC3F51-54DB-4F2B-A18E-C7C7E601296B}.Debug|Any CPU.ActiveCfg = Debug|Any CPU
		{B5DC3F51-54DB-4F2B-A18E-C7C7E601296B}.Debug|Any CPU.Build.0 = Debug|Any CPU
		{B5DC3F51-54DB-4F2B-A18E-C7C7E601296B}.Release|Any CPU.ActiveCfg = Release|Any CPU
		{B5DC3F51-54DB-4F2B-A18E-C7C7E601296B}.Release|Any CPU.Build.0 = Release|Any CPU
		{907F5589-8210-48C2-A50B-11C98A8BE126}.Debug|Any CPU.ActiveCfg = Debug|Any CPU
		{907F5589-8210-48C2-A50B-11C98A8BE126}.Debug|Any CPU.Build.0 = Debug|Any CPU
		{907F5589-8210-48C2-A50B-11C98A8BE126}.Release|Any CPU.ActiveCfg = Release|Any CPU
		{907F5589-8210-48C2-A50B-11C98A8BE126}.Release|Any CPU.Build.0 = Release|Any CPU
		{5616F46F-6F32-43C2-8E31-6F4304890E75}.Debug|Any CPU.ActiveCfg = Debug|Any CPU
		{5616F46F-6F32-43C2-8E31-6F4304890E75}.Debug|Any CPU.Build.0 = Debug|Any CPU
		{5616F46F-6F32-43C2-8E31-6F4304890E75}.Release|Any CPU.ActiveCfg = Release|Any CPU
		{5616F46F-6F32-43C2-8E31-6F4304890E75}.Release|Any CPU.Build.0 = Release|Any CPU
	EndGlobalSection
	GlobalSection(SolutionProperties) = preSolution
		HideSolutionNode = FALSE
	EndGlobalSection
	GlobalSection(ExtensibilityGlobals) = postSolution
		SolutionGuid = {E5022C51-2770-41BF-BA7B-52E5F5889E04}
	EndGlobalSection
EndGlobal
